github.com/DataDog/go-python3 v0.0.0-20191126174558-6ed25e33b3c4 h1:QeqJzUd2qeHQPWG+gGVCZXD9VhsWfHfmlSVe5MjkEds=
github.com/DataDog/go-python3 v0.0.0-20191126174558-6ed25e33b3c4/go.mod h1:7ctnOCLiUlwKO9GvAjusUF68edSbiHqC18gVPQF0ojA=
github.com/sbinet/go-python v0.1.0 h1:WlS8dGoxKMt9/c54U4XQuVhQt79p0uJUdzopuDR4QaI=
github.com/sbinet/go-python v0.1.0/go.mod h1:Pq31TCdgxj39xSYY/VAfsWWrFphYSmx3jmPHtotzQNY=
